{
  "name": "dictwx",
  "lockfileVersion": 2,
  "requires": true,
  "packages": {
    "": {
      "dependencies": {
        "md-editor-v3": "^2.2.1",
        "mitt": "^3.0.0"
      }
    },
    "node_modules/@types/marked": {
      "version": "4.0.3",
      "resolved": "https://registry.npmmirror.com/@types/marked/-/marked-4.0.3.tgz",
      "integrity": "sha512-HnMWQkLJEf/PnxZIfbm0yGJRRZYYMhb++O9M36UCTA9z53uPvVoSlAwJr3XOpDEryb7Hwl1qAx/MV6YIW1RXxg=="
    },
    "node_modules/md-editor-v3": {
      "version": "2.2.1",
      "resolved": "https://registry.npmmirror.com/md-editor-v3/-/md-editor-v3-2.2.1.tgz",
      "integrity": "sha512-nOd8mlEhvC99l9Y8pDMwEi6EdCAeBp88Ffl24We+2uz3/Iympctm92L1qyNicONJRhtZJacQ4oWTQGMYKGAxVg==",
      "dependencies": {
        "@types/marked": "^4.0.3"
      },
      "engines": {
        "node": ">=12.0.0"
      }
    },
    "node_modules/mitt": {
      "version": "3.0.0",
      "resolved": "https://registry.npmmirror.com/mitt/-/mitt-3.0.0.tgz",
      "integrity": "sha512-7dX2/10ITVyqh4aOSVI9gdape+t9l2/8QxHrFmUXu4EEUpdlxl6RudZUPZoc+zuY2hk1j7XxVroIVIan/pD/SQ=="
    }
  },
  "dependencies": {
    "@types/marked": {
      "version": "4.0.3",
      "resolved": "https://registry.npmmirror.com/@types/marked/-/marked-4.0.3.tgz",
      "integrity": "sha512-HnMWQkLJEf/PnxZIfbm0yGJRRZYYMhb++O9M36UCTA9z53uPvVoSlAwJr3XOpDEryb7Hwl1qAx/MV6YIW1RXxg=="
    },
    "md-editor-v3": {
      "version": "2.2.1",
      "resolved": "https://registry.npmmirror.com/md-editor-v3/-/md-editor-v3-2.2.1.tgz",
      "integrity": "sha512-nOd8mlEhvC99l9Y8pDMwEi6EdCAeBp88Ffl24We+2uz3/Iympctm92L1qyNicONJRhtZJacQ4oWTQGMYKGAxVg==",
      "requires": {
        "@types/marked": "^4.0.3"
      }
    },
    "mitt": {
      "version": "3.0.0",
      "resolved": "https://registry.npmmirror.com/mitt/-/mitt-3.0.0.tgz",
      "integrity": "sha512-7dX2/10ITVyqh4aOSVI9gdape+t9l2/8QxHrFmUXu4EEUpdlxl6RudZUPZoc+zuY2hk1j7XxVroIVIan/pD/SQ=="
    }
  }
}
